
Microsoft Visual Studio Solution File, Format Version 12.00
# Visual Studio Version 17
VisualStudioVersion = 17.5.002.0
MinimumVisualStudioVersion = 10.0.40219.1
Project("{2150E333-8FDC-42A3-9474-1A3956D46DE8}") = "Common", "Common", "{8F50C508-6C00-4411-AD41-E5E8B1AC24A0}"
EndProject
Project("{FAE04EC0-301F-11D3-BF4B-00C04F79EFBC}") = "DomainLayer", "Common\DomainLayer\DomainLayer.csproj", "{B3B88AAA-1F17-41F0-8613-3F96AA6ED0DA}"
EndProject
Project("{FAE04EC0-301F-11D3-BF4B-00C04F79EFBC}") = "ApplicationLayer", "Common\ApplicationLayer\ApplicationLayer.csproj", "{6FC4956D-995E-47C6-B8AC-C0EC57E55113}"
EndProject
Project("{FAE04EC0-301F-11D3-BF4B-00C04F79EFBC}") = "InfraestructureLayer", "Common\InfraestructureLayer\InfraestructureLayer.csproj", "{C9AEE482-C694-4ECD-A137-9AD9C7E98A8E}"
EndProject
Project("{FAE04EC0-301F-11D3-BF4B-00C04F79EFBC}") = "PresentationLayer", "Common\PresentationLayer\PresentationLayer.csproj", "{3A2ABDFE-BC37-4041-ADC5-2BEAD4ECE25D}"
EndProject
Project("{2150E333-8FDC-42A3-9474-1A3956D46DE8}") = "Modules", "Modules", "{3D031AB9-6228-48B3-A764-6C5B73263B74}"
EndProject
Project("{2150E333-8FDC-42A3-9474-1A3956D46DE8}") = "SiopjModule", "SiopjModule", "{ACE60A0A-FA18-45F6-A939-D1BA8915D7DC}"
EndProject
Project("{FAE04EC0-301F-11D3-BF4B-00C04F79EFBC}") = "SiopjModule.Domain", "Modules\SiopjModule\SiopjModule.Domain\SiopjModule.Domain.csproj", "{D1A74CCA-38A4-40EF-93FE-FE9C82750097}"
EndProject
Project("{FAE04EC0-301F-11D3-BF4B-00C04F79EFBC}") = "SiopjModule.Infraestructure", "Modules\SiopjModule\SiopjModule.Infraestructure\SiopjModule.Infraestructure.csproj", "{E56677B0-E263-4672-9A75-35A7588CB43A}"
EndProject
Project("{FAE04EC0-301F-11D3-BF4B-00C04F79EFBC}") = "SiopjModule.Application", "Modules\SiopjModule\SiopjModule.Application\SiopjModule.Application.csproj", "{447DC54A-4770-4EBC-B255-8AF7472A6C7C}"
EndProject
Project("{FAE04EC0-301F-11D3-BF4B-00C04F79EFBC}") = "SiopjModule.Presentation", "Modules\SiopjModule\SiopjModule.Presentation\SiopjModule.Presentation.csproj", "{C661DBAA-90BB-40B7-BF5C-A00B900B1133}"
EndProject
Project("{FAE04EC0-301F-11D3-BF4B-00C04F79EFBC}") = "SiopjModule.Api", "Modules\SiopjModule\SiopjModule.Api\SiopjModule.Api.csproj", "{4CB21E6C-F0BC-4C4E-808E-FA5099DD0D3C}"
EndProject
Project("{2150E333-8FDC-42A3-9474-1A3956D46DE8}") = "Libs", "Libs", "{942A9F5E-1935-4E7A-A4B3-3E6D823C0390}"
EndProject
Project("{FAE04EC0-301F-11D3-BF4B-00C04F79EFBC}") = "MassTransit.Orchestrator", "Libs\MassTransit.Orchestrator\MassTransit.Orchestrator.csproj", "{E41C4814-F474-4F75-B0DD-D4B8EA32D230}"
EndProject
Project("{2150E333-8FDC-42A3-9474-1A3956D46DE8}") = "Shared", "Shared", "{E55FD207-6471-4941-BD82-6349312E9DE3}"
EndProject
Project("{FAE04EC0-301F-11D3-BF4B-00C04F79EFBC}") = "Shared.Contracts", "Shared\Shared.Contracts\Shared.Contracts.csproj", "{A207EA40-964C-48BD-8ACB-8957136AA299}"
EndProject
Project("{FAE04EC0-301F-11D3-BF4B-00C04F79EFBC}") = "Shared.Util", "Shared\Shared.Util\Shared.Util.csproj", "{6BFC83D3-B7B5-47BF-9063-383EF187CD90}"
EndProject
Project("{FAE04EC0-301F-11D3-BF4B-00C04F79EFBC}") = "SiopjModule.WindowsService", "Modules\SiopjModule\SiopjModule.WindowsService\SiopjModule.WindowsService.csproj", "{E07FC635-7FE2-4B5E-95B9-BAC7958B4896}"
EndProject
Global
	GlobalSection(SolutionConfigurationPlatforms) = preSolution
		Debug|Any CPU = Debug|Any CPU
		Release|Any CPU = Release|Any CPU
	EndGlobalSection
	GlobalSection(ProjectConfigurationPlatforms) = postSolution
		{B3B88AAA-1F17-41F0-8613-3F96AA6ED0DA}.Debug|Any CPU.ActiveCfg = Debug|Any CPU
		{B3B88AAA-1F17-41F0-8613-3F96AA6ED0DA}.Debug|Any CPU.Build.0 = Debug|Any CPU
		{B3B88AAA-1F17-41F0-8613-3F96AA6ED0DA}.Release|Any CPU.ActiveCfg = Release|Any CPU
		{B3B88AAA-1F17-41F0-8613-3F96AA6ED0DA}.Release|Any CPU.Build.0 = Release|Any CPU
		{6FC4956D-995E-47C6-B8AC-C0EC57E55113}.Debug|Any CPU.ActiveCfg = Debug|Any CPU
		{6FC4956D-995E-47C6-B8AC-C0EC57E55113}.Debug|Any CPU.Build.0 = Debug|Any CPU
		{6FC4956D-995E-47C6-B8AC-C0EC57E55113}.Release|Any CPU.ActiveCfg = Release|Any CPU
		{6FC4956D-995E-47C6-B8AC-C0EC57E55113}.Release|Any CPU.Build.0 = Release|Any CPU
		{C9AEE482-C694-4ECD-A137-9AD9C7E98A8E}.Debug|Any CPU.ActiveCfg = Debug|Any CPU
		{C9AEE482-C694-4ECD-A137-9AD9C7E98A8E}.Debug|Any CPU.Build.0 = Debug|Any CPU
		{C9AEE482-C694-4ECD-A137-9AD9C7E98A8E}.Release|Any CPU.ActiveCfg = Release|Any CPU
		{C9AEE482-C694-4ECD-A137-9AD9C7E98A8E}.Release|Any CPU.Build.0 = Release|Any CPU
		{3A2ABDFE-BC37-4041-ADC5-2BEAD4ECE25D}.Debug|Any CPU.ActiveCfg = Debug|Any CPU
		{3A2ABDFE-BC37-4041-ADC5-2BEAD4ECE25D}.Debug|Any CPU.Build.0 = Debug|Any CPU
		{3A2ABDFE-BC37-4041-ADC5-2BEAD4ECE25D}.Release|Any CPU.ActiveCfg = Release|Any CPU
		{3A2ABDFE-BC37-4041-ADC5-2BEAD4ECE25D}.Release|Any CPU.Build.0 = Release|Any CPU
		{D1A74CCA-38A4-40EF-93FE-FE9C82750097}.Debug|Any CPU.ActiveCfg = Debug|Any CPU
		{D1A74CCA-38A4-40EF-93FE-FE9C82750097}.Debug|Any CPU.Build.0 = Debug|Any CPU
		{D1A74CCA-38A4-40EF-93FE-FE9C82750097}.Release|Any CPU.ActiveCfg = Release|Any CPU
		{D1A74CCA-38A4-40EF-93FE-FE9C82750097}.Release|Any CPU.Build.0 = Release|Any CPU
		{E56677B0-E263-4672-9A75-35A7588CB43A}.Debug|Any CPU.ActiveCfg = Debug|Any CPU
		{E56677B0-E263-4672-9A75-35A7588CB43A}.Debug|Any CPU.Build.0 = Debug|Any CPU
		{E56677B0-E263-4672-9A75-35A7588CB43A}.Release|Any CPU.ActiveCfg = Release|Any CPU
		{E56677B0-E263-4672-9A75-35A7588CB43A}.Release|Any CPU.Build.0 = Release|Any CPU
		{447DC54A-4770-4EBC-B255-8AF7472A6C7C}.Debug|Any CPU.ActiveCfg = Debug|Any CPU
		{447DC54A-4770-4EBC-B255-8AF7472A6C7C}.Debug|Any CPU.Build.0 = Debug|Any CPU
		{447DC54A-4770-4EBC-B255-8AF7472A6C7C}.Release|Any CPU.ActiveCfg = Release|Any CPU
		{447DC54A-4770-4EBC-B255-8AF7472A6C7C}.Release|Any CPU.Build.0 = Release|Any CPU
		{C661DBAA-90BB-40B7-BF5C-A00B900B1133}.Debug|Any CPU.ActiveCfg = Debug|Any CPU
		{C661DBAA-90BB-40B7-BF5C-A00B900B1133}.Debug|Any CPU.Build.0 = Debug|Any CPU
		{C661DBAA-90BB-40B7-BF5C-A00B900B1133}.Release|Any CPU.ActiveCfg = Release|Any CPU
		{C661DBAA-90BB-40B7-BF5C-A00B900B1133}.Release|Any CPU.Build.0 = Release|Any CPU
		{4CB21E6C-F0BC-4C4E-808E-FA5099DD0D3C}.Debug|Any CPU.ActiveCfg = Debug|Any CPU
		{4CB21E6C-F0BC-4C4E-808E-FA5099DD0D3C}.Debug|Any CPU.Build.0 = Debug|Any CPU
		{4CB21E6C-F0BC-4C4E-808E-FA5099DD0D3C}.Release|Any CPU.ActiveCfg = Release|Any CPU
		{4CB21E6C-F0BC-4C4E-808E-FA5099DD0D3C}.Release|Any CPU.Build.0 = Release|Any CPU
		{E41C4814-F474-4F75-B0DD-D4B8EA32D230}.Debug|Any CPU.ActiveCfg = Debug|Any CPU
		{E41C4814-F474-4F75-B0DD-D4B8EA32D230}.Debug|Any CPU.Build.0 = Debug|Any CPU
		{E41C4814-F474-4F75-B0DD-D4B8EA32D230}.Release|Any CPU.ActiveCfg = Release|Any CPU
		{E41C4814-F474-4F75-B0DD-D4B8EA32D230}.Release|Any CPU.Build.0 = Release|Any CPU
		{A207EA40-964C-48BD-8ACB-8957136AA299}.Debug|Any CPU.ActiveCfg = Debug|Any CPU
		{A207EA40-964C-48BD-8ACB-8957136AA299}.Debug|Any CPU.Build.0 = Debug|Any CPU
		{A207EA40-964C-48BD-8ACB-8957136AA299}.Release|Any CPU.ActiveCfg = Release|Any CPU
		{A207EA40-964C-48BD-8ACB-8957136AA299}.Release|Any CPU.Build.0 = Release|Any CPU
		{6BFC83D3-B7B5-47BF-9063-383EF187CD90}.Debug|Any CPU.ActiveCfg = Debug|Any CPU
		{6BFC83D3-B7B5-47BF-9063-383EF187CD90}.Debug|Any CPU.Build.0 = Debug|Any CPU
		{6BFC83D3-B7B5-47BF-9063-383EF187CD90}.Release|Any CPU.ActiveCfg = Release|Any CPU
		{6BFC83D3-B7B5-47BF-9063-383EF187CD90}.Release|Any CPU.Build.0 = Release|Any CPU
		{E07FC635-7FE2-4B5E-95B9-BAC7958B4896}.Debug|Any CPU.ActiveCfg = Debug|Any CPU
		{E07FC635-7FE2-4B5E-95B9-BAC7958B4896}.Debug|Any CPU.Build.0 = Debug|Any CPU
		{E07FC635-7FE2-4B5E-95B9-BAC7958B4896}.Release|Any CPU.ActiveCfg = Release|Any CPU
		{E07FC635-7FE2-4B5E-95B9-BAC7958B4896}.Release|Any CPU.Build.0 = Release|Any CPU
	EndGlobalSection
	GlobalSection(SolutionProperties) = preSolution
		HideSolutionNode = FALSE
	EndGlobalSection
	GlobalSection(NestedProjects) = preSolution
		{B3B88AAA-1F17-41F0-8613-3F96AA6ED0DA} = {8F50C508-6C00-4411-AD41-E5E8B1AC24A0}
		{6FC4956D-995E-47C6-B8AC-C0EC57E55113} = {8F50C508-6C00-4411-AD41-E5E8B1AC24A0}
		{C9AEE482-C694-4ECD-A137-9AD9C7E98A8E} = {8F50C508-6C00-4411-AD41-E5E8B1AC24A0}
		{3A2ABDFE-BC37-4041-ADC5-2BEAD4ECE25D} = {8F50C508-6C00-4411-AD41-E5E8B1AC24A0}
		{ACE60A0A-FA18-45F6-A939-D1BA8915D7DC} = {3D031AB9-6228-48B3-A764-6C5B73263B74}
		{D1A74CCA-38A4-40EF-93FE-FE9C82750097} = {ACE60A0A-FA18-45F6-A939-D1BA8915D7DC}
		{E56677B0-E263-4672-9A75-35A7588CB43A} = {ACE60A0A-FA18-45F6-A939-D1BA8915D7DC}
		{447DC54A-4770-4EBC-B255-8AF7472A6C7C} = {ACE60A0A-FA18-45F6-A939-D1BA8915D7DC}
		{C661DBAA-90BB-40B7-BF5C-A00B900B1133} = {ACE60A0A-FA18-45F6-A939-D1BA8915D7DC}
		{4CB21E6C-F0BC-4C4E-808E-FA5099DD0D3C} = {ACE60A0A-FA18-45F6-A939-D1BA8915D7DC}
		{E41C4814-F474-4F75-B0DD-D4B8EA32D230} = {942A9F5E-1935-4E7A-A4B3-3E6D823C0390}
		{A207EA40-964C-48BD-8ACB-8957136AA299} = {E55FD207-6471-4941-BD82-6349312E9DE3}
		{6BFC83D3-B7B5-47BF-9063-383EF187CD90} = {E55FD207-6471-4941-BD82-6349312E9DE3}
		{E07FC635-7FE2-4B5E-95B9-BAC7958B4896} = {ACE60A0A-FA18-45F6-A939-D1BA8915D7DC}
	EndGlobalSection
	GlobalSection(ExtensibilityGlobals) = postSolution
		SolutionGuid = {7FC35B05-6A3A-45FC-9B35-07ABA10DE9F2}
	EndGlobalSection
EndGlobal
